{
  "name": "FYPSimulation",
  "lockfileVersion": 2,
  "requires": true,
  "packages": {
    "": {
      "dependencies": {
        "@fontsource/roboto": "^4.5.2"
      }
    },
    "node_modules/@fontsource/roboto": {
      "version": "4.5.2",
      "resolved": "https://registry.npmjs.org/@fontsource/roboto/-/roboto-4.5.2.tgz",
      "integrity": "sha512-KkMqloXIM64EvaVPOqC5Mkms0qdOWvx4nRvQBIMCoG0GGsDa8tFfNwhyowHeR9k09P0LuT5u09d29Y21JhaA6Q=="
    }
  },
  "dependencies": {
    "@fontsource/roboto": {
      "version": "4.5.2",
      "resolved": "https://registry.npmjs.org/@fontsource/roboto/-/roboto-4.5.2.tgz",
      "integrity": "sha512-KkMqloXIM64EvaVPOqC5Mkms0qdOWvx4nRvQBIMCoG0GGsDa8tFfNwhyowHeR9k09P0LuT5u09d29Y21JhaA6Q=="
    }
  }
}
